{
  "version": "3",
  "packages": {
    "specifiers": {
      "npm:preact@^10.22.0": "npm:preact@10.22.0"
    },
    "npm": {
      "preact@10.22.0": {
        "integrity": "sha512-RRurnSjJPj4rp5K6XoP45Ui33ncb7e4H7WiOHVpjbkvqvA3U+N8Z6Qbo0AE6leGYBV66n8EhEaFixvIu3SkxFw==",
        "dependencies": {}
      }
    }
  },
  "remote": {},
  "workspace": {
    "dependencies": [
      "npm:preact@^10.22.0"
    ]
  }
}
